
Microsoft Visual Studio Solution File, Format Version 12.00
# Visual Studio Version 17
VisualStudioVersion = 17.0.31903.59
MinimumVisualStudioVersion = 10.0.40219.1
Project("{FAE04EC0-301F-11D3-BF4B-00C04F79EFBC}") = "Slypn.Api", "Slypn.Api\Slypn.Api.csproj", "{5CEFFA2B-8ACB-41AF-A83F-D8D61D6796C5}"
EndProject
Project("{FAE04EC0-301F-11D3-BF4B-00C04F79EFBC}") = "Slypn.Api.Tests", "Slypn.Api.Tests\Slypn.Api.Tests.csproj", "{EF60BFFB-65F2-4E00-9612-3FA697E3B271}"
EndProject
Project("{FAE04EC0-301F-11D3-BF4B-00C04F79EFBC}") = "Slypn.Seed", "Slypn.Seed\Slypn.Seed.csproj", "{96E4C4CE-9686-4C29-911A-8295F1AF3240}"
EndProject
Global
	GlobalSection(SolutionConfigurationPlatforms) = preSolution
		Debug|Any CPU = Debug|Any CPU
		Debug|x64 = Debug|x64
		Debug|x86 = Debug|x86
		Release|Any CPU = Release|Any CPU
		Release|x64 = Release|x64
		Release|x86 = Release|x86
	EndGlobalSection
	GlobalSection(ProjectConfigurationPlatforms) = postSolution
		{5CEFFA2B-8ACB-41AF-A83F-D8D61D6796C5}.Debug|Any CPU.ActiveCfg = Debug|Any CPU
		{5CEFFA2B-8ACB-41AF-A83F-D8D61D6796C5}.Debug|Any CPU.Build.0 = Debug|Any CPU
		{5CEFFA2B-8ACB-41AF-A83F-D8D61D6796C5}.Debug|x64.ActiveCfg = Debug|Any CPU
		{5CEFFA2B-8ACB-41AF-A83F-D8D61D6796C5}.Debug|x64.Build.0 = Debug|Any CPU
		{5CEFFA2B-8ACB-41AF-A83F-D8D61D6796C5}.Debug|x86.ActiveCfg = Debug|Any CPU
		{5CEFFA2B-8ACB-41AF-A83F-D8D61D6796C5}.Debug|x86.Build.0 = Debug|Any CPU
		{5CEFFA2B-8ACB-41AF-A83F-D8D61D6796C5}.Release|Any CPU.ActiveCfg = Release|Any CPU
		{5CEFFA2B-8ACB-41AF-A83F-D8D61D6796C5}.Release|Any CPU.Build.0 = Release|Any CPU
		{5CEFFA2B-8ACB-41AF-A83F-D8D61D6796C5}.Release|x64.ActiveCfg = Release|Any CPU
		{5CEFFA2B-8ACB-41AF-A83F-D8D61D6796C5}.Release|x64.Build.0 = Release|Any CPU
		{5CEFFA2B-8ACB-41AF-A83F-D8D61D6796C5}.Release|x86.ActiveCfg = Release|Any CPU
		{5CEFFA2B-8ACB-41AF-A83F-D8D61D6796C5}.Release|x86.Build.0 = Release|Any CPU
		{EF60BFFB-65F2-4E00-9612-3FA697E3B271}.Debug|Any CPU.ActiveCfg = Debug|Any CPU
		{EF60BFFB-65F2-4E00-9612-3FA697E3B271}.Debug|Any CPU.Build.0 = Debug|Any CPU
		{EF60BFFB-65F2-4E00-9612-3FA697E3B271}.Debug|x64.ActiveCfg = Debug|Any CPU
		{EF60BFFB-65F2-4E00-9612-3FA697E3B271}.Debug|x64.Build.0 = Debug|Any CPU
		{EF60BFFB-65F2-4E00-9612-3FA697E3B271}.Debug|x86.ActiveCfg = Debug|Any CPU
		{EF60BFFB-65F2-4E00-9612-3FA697E3B271}.Debug|x86.Build.0 = Debug|Any CPU
		{EF60BFFB-65F2-4E00-9612-3FA697E3B271}.Release|Any CPU.ActiveCfg = Release|Any CPU
		{EF60BFFB-65F2-4E00-9612-3FA697E3B271}.Release|Any CPU.Build.0 = Release|Any CPU
		{EF60BFFB-65F2-4E00-9612-3FA697E3B271}.Release|x64.ActiveCfg = Release|Any CPU
		{EF60BFFB-65F2-4E00-9612-3FA697E3B271}.Release|x64.Build.0 = Release|Any CPU
		{EF60BFFB-65F2-4E00-9612-3FA697E3B271}.Release|x86.ActiveCfg = Release|Any CPU
		{EF60BFFB-65F2-4E00-9612-3FA697E3B271}.Release|x86.Build.0 = Release|Any CPU
		{96E4C4CE-9686-4C29-911A-8295F1AF3240}.Debug|Any CPU.ActiveCfg = Debug|Any CPU
		{96E4C4CE-9686-4C29-911A-8295F1AF3240}.Debug|Any CPU.Build.0 = Debug|Any CPU
		{96E4C4CE-9686-4C29-911A-8295F1AF3240}.Debug|x64.ActiveCfg = Debug|Any CPU
		{96E4C4CE-9686-4C29-911A-8295F1AF3240}.Debug|x64.Build.0 = Debug|Any CPU
		{96E4C4CE-9686-4C29-911A-8295F1AF3240}.Debug|x86.ActiveCfg = Debug|Any CPU
		{96E4C4CE-9686-4C29-911A-8295F1AF3240}.Debug|x86.Build.0 = Debug|Any CPU
		{96E4C4CE-9686-4C29-911A-8295F1AF3240}.Release|Any CPU.ActiveCfg = Release|Any CPU
		{96E4C4CE-9686-4C29-911A-8295F1AF3240}.Release|Any CPU.Build.0 = Release|Any CPU
		{96E4C4CE-9686-4C29-911A-8295F1AF3240}.Release|x64.ActiveCfg = Release|Any CPU
		{96E4C4CE-9686-4C29-911A-8295F1AF3240}.Release|x64.Build.0 = Release|Any CPU
		{96E4C4CE-9686-4C29-911A-8295F1AF3240}.Release|x86.ActiveCfg = Release|Any CPU
		{96E4C4CE-9686-4C29-911A-8295F1AF3240}.Release|x86.Build.0 = Release|Any CPU
	EndGlobalSection
	GlobalSection(SolutionProperties) = preSolution
		HideSolutionNode = FALSE
	EndGlobalSection
EndGlobal
